
Microsoft Visual Studio Solution File, Format Version 12.00
# Visual Studio Version 16
VisualStudioVersion = 16.0.30907.101
MinimumVisualStudioVersion = 10.0.40219.1
Project("{8BC9CEB8-8B4A-11D0-8D11-00A0C91BC942}") = "Reverse string", "Reverse string.vcxproj", "{D3A1ABF6-2FC7-46F6-96FB-458A4F332DD1}"
EndProject
Global
	GlobalSection(SolutionConfigurationPlatforms) = preSolution
		Debug|x64 = Debug|x64
		Debug|x86 = Debug|x86
		Release|x64 = Release|x64
		Release|x86 = Release|x86
	EndGlobalSection
	GlobalSection(ProjectConfigurationPlatforms) = postSolution
		{D3A1ABF6-2FC7-46F6-96FB-458A4F332DD1}.Debug|x64.ActiveCfg = Debug|x64
		{D3A1ABF6-2FC7-46F6-96FB-458A4F332DD1}.Debug|x64.Build.0 = Debug|x64
		{D3A1ABF6-2FC7-46F6-96FB-458A4F332DD1}.Debug|x86.ActiveCfg = Debug|Win32
		{D3A1ABF6-2FC7-46F6-96FB-458A4F332DD1}.Debug|x86.Build.0 = Debug|Win32
		{D3A1ABF6-2FC7-46F6-96FB-458A4F332DD1}.Release|x64.ActiveCfg = Release|x64
		{D3A1ABF6-2FC7-46F6-96FB-458A4F332DD1}.Release|x64.Build.0 = Release|x64
		{D3A1ABF6-2FC7-46F6-96FB-458A4F332DD1}.Release|x86.ActiveCfg = Release|Win32
		{D3A1ABF6-2FC7-46F6-96FB-458A4F332DD1}.Release|x86.Build.0 = Release|Win32
	EndGlobalSection
	GlobalSection(SolutionProperties) = preSolution
		HideSolutionNode = FALSE
	EndGlobalSection
	GlobalSection(ExtensibilityGlobals) = postSolution
		SolutionGuid = {13AA263E-C298-495A-84D0-18D7C0C9A6C6}
	EndGlobalSection
EndGlobal
