
Microsoft Visual Studio Solution File, Format Version 12.00
# Visual Studio Version 16
VisualStudioVersion = 16.0.31129.286
MinimumVisualStudioVersion = 10.0.40219.1
Project("{8BC9CEB8-8B4A-11D0-8D11-00A0C91BC942}") = "ClassAdd", "ClassAdd.vcxproj", "{FB021D6F-B294-4860-AB35-C261AF9C7133}"
EndProject
Global
	GlobalSection(SolutionConfigurationPlatforms) = preSolution
		Debug|x64 = Debug|x64
		Debug|x86 = Debug|x86
		Release|x64 = Release|x64
		Release|x86 = Release|x86
	EndGlobalSection
	GlobalSection(ProjectConfigurationPlatforms) = postSolution
		{FB021D6F-B294-4860-AB35-C261AF9C7133}.Debug|x64.ActiveCfg = Debug|x64
		{FB021D6F-B294-4860-AB35-C261AF9C7133}.Debug|x64.Build.0 = Debug|x64
		{FB021D6F-B294-4860-AB35-C261AF9C7133}.Debug|x86.ActiveCfg = Debug|Win32
		{FB021D6F-B294-4860-AB35-C261AF9C7133}.Debug|x86.Build.0 = Debug|Win32
		{FB021D6F-B294-4860-AB35-C261AF9C7133}.Release|x64.ActiveCfg = Release|x64
		{FB021D6F-B294-4860-AB35-C261AF9C7133}.Release|x64.Build.0 = Release|x64
		{FB021D6F-B294-4860-AB35-C261AF9C7133}.Release|x86.ActiveCfg = Release|Win32
		{FB021D6F-B294-4860-AB35-C261AF9C7133}.Release|x86.Build.0 = Release|Win32
	EndGlobalSection
	GlobalSection(SolutionProperties) = preSolution
		HideSolutionNode = FALSE
	EndGlobalSection
	GlobalSection(ExtensibilityGlobals) = postSolution
		SolutionGuid = {421BA479-9FD6-4C84-9548-BD2A2261EB9A}
	EndGlobalSection
EndGlobal
